
Microsoft Visual Studio Solution File, Format Version 12.00
# Visual Studio 14
VisualStudioVersion = 14.0.22609.0
MinimumVisualStudioVersion = 10.0.40219.1
Project("{FAE04EC0-301F-11D3-BF4B-00C04F79EFBC}") = "Console", "Console\Console.csproj", "{131B387B-3405-4577-AD3F-37CD7029F69D}"
EndProject
Project("{FAE04EC0-301F-11D3-BF4B-00C04F79EFBC}") = "WPF", "WPF\WPF.csproj", "{E84511EF-1402-4942-97E8-D0C5295EAD18}"
EndProject
Project("{FAE04EC0-301F-11D3-BF4B-00C04F79EFBC}") = "Inversion of Control", "Inversion of Control\Inversion of Control.csproj", "{33872F13-850D-47FF-9756-7889A67419AE}"
EndProject
Project("{FAE04EC0-301F-11D3-BF4B-00C04F79EFBC}") = "Testing", "Testing\Testing.csproj", "{DCD62114-DE37-403F-A524-32C322981320}"
EndProject
Project("{FAE04EC0-301F-11D3-BF4B-00C04F79EFBC}") = "UITests", "UITests\UITests.csproj", "{FBECFA0F-7B72-48C8-854C-3C1E42CA4238}"
EndProject
Global
	GlobalSection(SolutionConfigurationPlatforms) = preSolution
		Ad-Hoc|Any CPU = Ad-Hoc|Any CPU
		Ad-Hoc|ARM = Ad-Hoc|ARM
		Ad-Hoc|iPhone = Ad-Hoc|iPhone
		Ad-Hoc|iPhoneSimulator = Ad-Hoc|iPhoneSimulator
		Ad-Hoc|Mixed Platforms = Ad-Hoc|Mixed Platforms
		Ad-Hoc|x86 = Ad-Hoc|x86
		AppStore|Any CPU = AppStore|Any CPU
		AppStore|ARM = AppStore|ARM
		AppStore|iPhone = AppStore|iPhone
		AppStore|iPhoneSimulator = AppStore|iPhoneSimulator
		AppStore|Mixed Platforms = AppStore|Mixed Platforms
		AppStore|x86 = AppStore|x86
		Debug|Any CPU = Debug|Any CPU
		Debug|ARM = Debug|ARM
		Debug|iPhone = Debug|iPhone
		Debug|iPhoneSimulator = Debug|iPhoneSimulator
		Debug|Mixed Platforms = Debug|Mixed Platforms
		Debug|x86 = Debug|x86
		Release|Any CPU = Release|Any CPU
		Release|ARM = Release|ARM
		Release|iPhone = Release|iPhone
		Release|iPhoneSimulator = Release|iPhoneSimulator
		Release|Mixed Platforms = Release|Mixed Platforms
		Release|x86 = Release|x86
	EndGlobalSection
	GlobalSection(ProjectConfigurationPlatforms) = postSolution
		{131B387B-3405-4577-AD3F-37CD7029F69D}.Ad-Hoc|Any CPU.ActiveCfg = Release|Any CPU
		{131B387B-3405-4577-AD3F-37CD7029F69D}.Ad-Hoc|Any CPU.Build.0 = Release|Any CPU
		{131B387B-3405-4577-AD3F-37CD7029F69D}.Ad-Hoc|ARM.ActiveCfg = Release|Any CPU
		{131B387B-3405-4577-AD3F-37CD7029F69D}.Ad-Hoc|iPhone.ActiveCfg = Release|Any CPU
		{131B387B-3405-4577-AD3F-37CD7029F69D}.Ad-Hoc|iPhoneSimulator.ActiveCfg = Release|Any CPU
		{131B387B-3405-4577-AD3F-37CD7029F69D}.Ad-Hoc|Mixed Platforms.ActiveCfg = Release|Any CPU
		{131B387B-3405-4577-AD3F-37CD7029F69D}.Ad-Hoc|Mixed Platforms.Build.0 = Release|Any CPU
		{131B387B-3405-4577-AD3F-37CD7029F69D}.Ad-Hoc|x86.ActiveCfg = Release|Any CPU
		{131B387B-3405-4577-AD3F-37CD7029F69D}.AppStore|Any CPU.ActiveCfg = Release|Any CPU
		{131B387B-3405-4577-AD3F-37CD7029F69D}.AppStore|Any CPU.Build.0 = Release|Any CPU
		{131B387B-3405-4577-AD3F-37CD7029F69D}.AppStore|ARM.ActiveCfg = Release|Any CPU
		{131B387B-3405-4577-AD3F-37CD7029F69D}.AppStore|iPhone.ActiveCfg = Release|Any CPU
		{131B387B-3405-4577-AD3F-37CD7029F69D}.AppStore|iPhoneSimulator.ActiveCfg = Release|Any CPU
		{131B387B-3405-4577-AD3F-37CD7029F69D}.AppStore|Mixed Platforms.ActiveCfg = Release|Any CPU
		{131B387B-3405-4577-AD3F-37CD7029F69D}.AppStore|Mixed Platforms.Build.0 = Release|Any CPU
		{131B387B-3405-4577-AD3F-37CD7029F69D}.AppStore|x86.ActiveCfg = Release|Any CPU
		{131B387B-3405-4577-AD3F-37CD7029F69D}.Debug|Any CPU.ActiveCfg = Debug|Any CPU
		{131B387B-3405-4577-AD3F-37CD7029F69D}.Debug|Any CPU.Build.0 = Debug|Any CPU
		{131B387B-3405-4577-AD3F-37CD7029F69D}.Debug|ARM.ActiveCfg = Debug|Any CPU
		{131B387B-3405-4577-AD3F-37CD7029F69D}.Debug|iPhone.ActiveCfg = Debug|Any CPU
		{131B387B-3405-4577-AD3F-37CD7029F69D}.Debug|iPhoneSimulator.ActiveCfg = Debug|Any CPU
		{131B387B-3405-4577-AD3F-37CD7029F69D}.Debug|Mixed Platforms.ActiveCfg = Debug|Any CPU
		{131B387B-3405-4577-AD3F-37CD7029F69D}.Debug|Mixed Platforms.Build.0 = Debug|Any CPU
		{131B387B-3405-4577-AD3F-37CD7029F69D}.Debug|x86.ActiveCfg = Debug|Any CPU
		{131B387B-3405-4577-AD3F-37CD7029F69D}.Release|Any CPU.ActiveCfg = Release|Any CPU
		{131B387B-3405-4577-AD3F-37CD7029F69D}.Release|Any CPU.Build.0 = Release|Any CPU
		{131B387B-3405-4577-AD3F-37CD7029F69D}.Release|ARM.ActiveCfg = Release|Any CPU
		{131B387B-3405-4577-AD3F-37CD7029F69D}.Release|iPhone.ActiveCfg = Release|Any CPU
		{131B387B-3405-4577-AD3F-37CD7029F69D}.Release|iPhoneSimulator.ActiveCfg = Release|Any CPU
		{131B387B-3405-4577-AD3F-37CD7029F69D}.Release|Mixed Platforms.ActiveCfg = Release|Any CPU
		{131B387B-3405-4577-AD3F-37CD7029F69D}.Release|Mixed Platforms.Build.0 = Release|Any CPU
		{131B387B-3405-4577-AD3F-37CD7029F69D}.Release|x86.ActiveCfg = Release|Any CPU
		{E84511EF-1402-4942-97E8-D0C5295EAD18}.Ad-Hoc|Any CPU.ActiveCfg = Release|Any CPU
		{E84511EF-1402-4942-97E8-D0C5295EAD18}.Ad-Hoc|Any CPU.Build.0 = Release|Any CPU
		{E84511EF-1402-4942-97E8-D0C5295EAD18}.Ad-Hoc|ARM.ActiveCfg = Release|Any CPU
		{E84511EF-1402-4942-97E8-D0C5295EAD18}.Ad-Hoc|iPhone.ActiveCfg = Release|Any CPU
		{E84511EF-1402-4942-97E8-D0C5295EAD18}.Ad-Hoc|iPhoneSimulator.ActiveCfg = Release|Any CPU
		{E84511EF-1402-4942-97E8-D0C5295EAD18}.Ad-Hoc|Mixed Platforms.ActiveCfg = Release|Any CPU
		{E84511EF-1402-4942-97E8-D0C5295EAD18}.Ad-Hoc|Mixed Platforms.Build.0 = Release|Any CPU
		{E84511EF-1402-4942-97E8-D0C5295EAD18}.Ad-Hoc|x86.ActiveCfg = Release|Any CPU
		{E84511EF-1402-4942-97E8-D0C5295EAD18}.AppStore|Any CPU.ActiveCfg = Release|Any CPU
		{E84511EF-1402-4942-97E8-D0C5295EAD18}.AppStore|Any CPU.Build.0 = Release|Any CPU
		{E84511EF-1402-4942-97E8-D0C5295EAD18}.AppStore|ARM.ActiveCfg = Release|Any CPU
		{E84511EF-1402-4942-97E8-D0C5295EAD18}.AppStore|iPhone.ActiveCfg = Release|Any CPU
		{E84511EF-1402-4942-97E8-D0C5295EAD18}.AppStore|iPhoneSimulator.ActiveCfg = Release|Any CPU
		{E84511EF-1402-4942-97E8-D0C5295EAD18}.AppStore|Mixed Platforms.ActiveCfg = Release|Any CPU
		{E84511EF-1402-4942-97E8-D0C5295EAD18}.AppStore|Mixed Platforms.Build.0 = Release|Any CPU
		{E84511EF-1402-4942-97E8-D0C5295EAD18}.AppStore|x86.ActiveCfg = Release|Any CPU
		{E84511EF-1402-4942-97E8-D0C5295EAD18}.Debug|Any CPU.ActiveCfg = Debug|Any CPU
		{E84511EF-1402-4942-97E8-D0C5295EAD18}.Debug|Any CPU.Build.0 = Debug|Any CPU
		{E84511EF-1402-4942-97E8-D0C5295EAD18}.Debug|ARM.ActiveCfg = Debug|Any CPU
		{E84511EF-1402-4942-97E8-D0C5295EAD18}.Debug|iPhone.ActiveCfg = Debug|Any CPU
		{E84511EF-1402-4942-97E8-D0C5295EAD18}.Debug|iPhoneSimulator.ActiveCfg = Debug|Any CPU
		{E84511EF-1402-4942-97E8-D0C5295EAD18}.Debug|Mixed Platforms.ActiveCfg = Debug|Any CPU
		{E84511EF-1402-4942-97E8-D0C5295EAD18}.Debug|Mixed Platforms.Build.0 = Debug|Any CPU
		{E84511EF-1402-4942-97E8-D0C5295EAD18}.Debug|x86.ActiveCfg = Debug|Any CPU
		{E84511EF-1402-4942-97E8-D0C5295EAD18}.Release|Any CPU.ActiveCfg = Release|Any CPU
		{E84511EF-1402-4942-97E8-D0C5295EAD18}.Release|Any CPU.Build.0 = Release|Any CPU
		{E84511EF-1402-4942-97E8-D0C5295EAD18}.Release|ARM.ActiveCfg = Release|Any CPU
		{E84511EF-1402-4942-97E8-D0C5295EAD18}.Release|iPhone.ActiveCfg = Release|Any CPU
		{E84511EF-1402-4942-97E8-D0C5295EAD18}.Release|iPhoneSimulator.ActiveCfg = Release|Any CPU
		{E84511EF-1402-4942-97E8-D0C5295EAD18}.Release|Mixed Platforms.ActiveCfg = Release|Any CPU
		{E84511EF-1402-4942-97E8-D0C5295EAD18}.Release|Mixed Platforms.Build.0 = Release|Any CPU
		{E84511EF-1402-4942-97E8-D0C5295EAD18}.Release|x86.ActiveCfg = Release|Any CPU
		{33872F13-850D-47FF-9756-7889A67419AE}.Ad-Hoc|Any CPU.ActiveCfg = Release|Any CPU
		{33872F13-850D-47FF-9756-7889A67419AE}.Ad-Hoc|Any CPU.Build.0 = Release|Any CPU
		{33872F13-850D-47FF-9756-7889A67419AE}.Ad-Hoc|ARM.ActiveCfg = Release|Any CPU
		{33872F13-850D-47FF-9756-7889A67419AE}.Ad-Hoc|iPhone.ActiveCfg = Release|Any CPU
		{33872F13-850D-47FF-9756-7889A67419AE}.Ad-Hoc|iPhoneSimulator.ActiveCfg = Release|Any CPU
		{33872F13-850D-47FF-9756-7889A67419AE}.Ad-Hoc|Mixed Platforms.ActiveCfg = Release|Any CPU
		{33872F13-850D-47FF-9756-7889A67419AE}.Ad-Hoc|Mixed Platforms.Build.0 = Release|Any CPU
		{33872F13-850D-47FF-9756-7889A67419AE}.Ad-Hoc|x86.ActiveCfg = Release|Any CPU
		{33872F13-850D-47FF-9756-7889A67419AE}.AppStore|Any CPU.ActiveCfg = Release|Any CPU
		{33872F13-850D-47FF-9756-7889A67419AE}.AppStore|Any CPU.Build.0 = Release|Any CPU
		{33872F13-850D-47FF-9756-7889A67419AE}.AppStore|ARM.ActiveCfg = Release|Any CPU
		{33872F13-850D-47FF-9756-7889A67419AE}.AppStore|iPhone.ActiveCfg = Release|Any CPU
		{33872F13-850D-47FF-9756-7889A67419AE}.AppStore|iPhoneSimulator.ActiveCfg = Release|Any CPU
		{33872F13-850D-47FF-9756-7889A67419AE}.AppStore|Mixed Platforms.ActiveCfg = Release|Any CPU
		{33872F13-850D-47FF-9756-7889A67419AE}.AppStore|Mixed Platforms.Build.0 = Release|Any CPU
		{33872F13-850D-47FF-9756-7889A67419AE}.AppStore|x86.ActiveCfg = Release|Any CPU
		{33872F13-850D-47FF-9756-7889A67419AE}.Debug|Any CPU.ActiveCfg = Debug|Any CPU
		{33872F13-850D-47FF-9756-7889A67419AE}.Debug|Any CPU.Build.0 = Debug|Any CPU
		{33872F13-850D-47FF-9756-7889A67419AE}.Debug|ARM.ActiveCfg = Debug|Any CPU
		{33872F13-850D-47FF-9756-7889A67419AE}.Debug|iPhone.ActiveCfg = Debug|Any CPU
		{33872F13-850D-47FF-9756-7889A67419AE}.Debug|iPhoneSimulator.ActiveCfg = Debug|Any CPU
		{33872F13-850D-47FF-9756-7889A67419AE}.Debug|Mixed Platforms.ActiveCfg = Debug|Any CPU
		{33872F13-850D-47FF-9756-7889A67419AE}.Debug|Mixed Platforms.Build.0 = Debug|Any CPU
		{33872F13-850D-47FF-9756-7889A67419AE}.Debug|x86.ActiveCfg = Debug|Any CPU
		{33872F13-850D-47FF-9756-7889A67419AE}.Release|Any CPU.ActiveCfg = Release|Any CPU
		{33872F13-850D-47FF-9756-7889A67419AE}.Release|Any CPU.Build.0 = Release|Any CPU
		{33872F13-850D-47FF-9756-7889A67419AE}.Release|ARM.ActiveCfg = Release|Any CPU
		{33872F13-850D-47FF-9756-7889A67419AE}.Release|iPhone.ActiveCfg = Release|Any CPU
		{33872F13-850D-47FF-9756-7889A67419AE}.Release|iPhoneSimulator.ActiveCfg = Release|Any CPU
		{33872F13-850D-47FF-9756-7889A67419AE}.Release|Mixed Platforms.ActiveCfg = Release|Any CPU
		{33872F13-850D-47FF-9756-7889A67419AE}.Release|Mixed Platforms.Build.0 = Release|Any CPU
		{33872F13-850D-47FF-9756-7889A67419AE}.Release|x86.ActiveCfg = Release|Any CPU
		{DCD62114-DE37-403F-A524-32C322981320}.Ad-Hoc|Any CPU.ActiveCfg = Release|Any CPU
		{DCD62114-DE37-403F-A524-32C322981320}.Ad-Hoc|Any CPU.Build.0 = Release|Any CPU
		{DCD62114-DE37-403F-A524-32C322981320}.Ad-Hoc|ARM.ActiveCfg = Release|Any CPU
		{DCD62114-DE37-403F-A524-32C322981320}.Ad-Hoc|ARM.Build.0 = Release|Any CPU
		{DCD62114-DE37-403F-A524-32C322981320}.Ad-Hoc|iPhone.ActiveCfg = Release|Any CPU
		{DCD62114-DE37-403F-A524-32C322981320}.Ad-Hoc|iPhone.Build.0 = Release|Any CPU
		{DCD62114-DE37-403F-A524-32C322981320}.Ad-Hoc|iPhoneSimulator.ActiveCfg = Release|Any CPU
		{DCD62114-DE37-403F-A524-32C322981320}.Ad-Hoc|iPhoneSimulator.Build.0 = Release|Any CPU
		{DCD62114-DE37-403F-A524-32C322981320}.Ad-Hoc|Mixed Platforms.ActiveCfg = Release|Any CPU
		{DCD62114-DE37-403F-A524-32C322981320}.Ad-Hoc|Mixed Platforms.Build.0 = Release|Any CPU
		{DCD62114-DE37-403F-A524-32C322981320}.Ad-Hoc|x86.ActiveCfg = Release|Any CPU
		{DCD62114-DE37-403F-A524-32C322981320}.Ad-Hoc|x86.Build.0 = Release|Any CPU
		{DCD62114-DE37-403F-A524-32C322981320}.AppStore|Any CPU.ActiveCfg = Release|Any CPU
		{DCD62114-DE37-403F-A524-32C322981320}.AppStore|Any CPU.Build.0 = Release|Any CPU
		{DCD62114-DE37-403F-A524-32C322981320}.AppStore|ARM.ActiveCfg = Release|Any CPU
		{DCD62114-DE37-403F-A524-32C322981320}.AppStore|ARM.Build.0 = Release|Any CPU
		{DCD62114-DE37-403F-A524-32C322981320}.AppStore|iPhone.ActiveCfg = Release|Any CPU
		{DCD62114-DE37-403F-A524-32C322981320}.AppStore|iPhone.Build.0 = Release|Any CPU
		{DCD62114-DE37-403F-A524-32C322981320}.AppStore|iPhoneSimulator.ActiveCfg = Release|Any CPU
		{DCD62114-DE37-403F-A524-32C322981320}.AppStore|iPhoneSimulator.Build.0 = Release|Any CPU
		{DCD62114-DE37-403F-A524-32C322981320}.AppStore|Mixed Platforms.ActiveCfg = Release|Any CPU
		{DCD62114-DE37-403F-A524-32C322981320}.AppStore|Mixed Platforms.Build.0 = Release|Any CPU
		{DCD62114-DE37-403F-A524-32C322981320}.AppStore|x86.ActiveCfg = Release|Any CPU
		{DCD62114-DE37-403F-A524-32C322981320}.AppStore|x86.Build.0 = Release|Any CPU
		{DCD62114-DE37-403F-A524-32C322981320}.Debug|Any CPU.ActiveCfg = Debug|Any CPU
		{DCD62114-DE37-403F-A524-32C322981320}.Debug|Any CPU.Build.0 = Debug|Any CPU
		{DCD62114-DE37-403F-A524-32C322981320}.Debug|ARM.ActiveCfg = Debug|Any CPU
		{DCD62114-DE37-403F-A524-32C322981320}.Debug|ARM.Build.0 = Debug|Any CPU
		{DCD62114-DE37-403F-A524-32C322981320}.Debug|iPhone.ActiveCfg = Debug|Any CPU
		{DCD62114-DE37-403F-A524-32C322981320}.Debug|iPhone.Build.0 = Debug|Any CPU
		{DCD62114-DE37-403F-A524-32C322981320}.Debug|iPhoneSimulator.ActiveCfg = Debug|Any CPU
		{DCD62114-DE37-403F-A524-32C322981320}.Debug|iPhoneSimulator.Build.0 = Debug|Any CPU
		{DCD62114-DE37-403F-A524-32C322981320}.Debug|Mixed Platforms.ActiveCfg = Debug|Any CPU
		{DCD62114-DE37-403F-A524-32C322981320}.Debug|Mixed Platforms.Build.0 = Debug|Any CPU
		{DCD62114-DE37-403F-A524-32C322981320}.Debug|x86.ActiveCfg = Debug|Any CPU
		{DCD62114-DE37-403F-A524-32C322981320}.Debug|x86.Build.0 = Debug|Any CPU
		{DCD62114-DE37-403F-A524-32C322981320}.Release|Any CPU.ActiveCfg = Release|Any CPU
		{DCD62114-DE37-403F-A524-32C322981320}.Release|Any CPU.Build.0 = Release|Any CPU
		{DCD62114-DE37-403F-A524-32C322981320}.Release|ARM.ActiveCfg = Release|Any CPU
		{DCD62114-DE37-403F-A524-32C322981320}.Release|ARM.Build.0 = Release|Any CPU
		{DCD62114-DE37-403F-A524-32C322981320}.Release|iPhone.ActiveCfg = Release|Any CPU
		{DCD62114-DE37-403F-A524-32C322981320}.Release|iPhone.Build.0 = Release|Any CPU
		{DCD62114-DE37-403F-A524-32C322981320}.Release|iPhoneSimulator.ActiveCfg = Release|Any CPU
		{DCD62114-DE37-403F-A524-32C322981320}.Release|iPhoneSimulator.Build.0 = Release|Any CPU
		{DCD62114-DE37-403F-A524-32C322981320}.Release|Mixed Platforms.ActiveCfg = Release|Any CPU
		{DCD62114-DE37-403F-A524-32C322981320}.Release|Mixed Platforms.Build.0 = Release|Any CPU
		{DCD62114-DE37-403F-A524-32C322981320}.Release|x86.ActiveCfg = Release|Any CPU
		{DCD62114-DE37-403F-A524-32C322981320}.Release|x86.Build.0 = Release|Any CPU
		{FBECFA0F-7B72-48C8-854C-3C1E42CA4238}.Ad-Hoc|Any CPU.ActiveCfg = Release|Any CPU
		{FBECFA0F-7B72-48C8-854C-3C1E42CA4238}.Ad-Hoc|Any CPU.Build.0 = Release|Any CPU
		{FBECFA0F-7B72-48C8-854C-3C1E42CA4238}.Ad-Hoc|ARM.ActiveCfg = Release|Any CPU
		{FBECFA0F-7B72-48C8-854C-3C1E42CA4238}.Ad-Hoc|ARM.Build.0 = Release|Any CPU
		{FBECFA0F-7B72-48C8-854C-3C1E42CA4238}.Ad-Hoc|iPhone.ActiveCfg = Release|Any CPU
		{FBECFA0F-7B72-48C8-854C-3C1E42CA4238}.Ad-Hoc|iPhone.Build.0 = Release|Any CPU
		{FBECFA0F-7B72-48C8-854C-3C1E42CA4238}.Ad-Hoc|iPhoneSimulator.ActiveCfg = Release|Any CPU
		{FBECFA0F-7B72-48C8-854C-3C1E42CA4238}.Ad-Hoc|iPhoneSimulator.Build.0 = Release|Any CPU
		{FBECFA0F-7B72-48C8-854C-3C1E42CA4238}.Ad-Hoc|Mixed Platforms.ActiveCfg = Release|Any CPU
		{FBECFA0F-7B72-48C8-854C-3C1E42CA4238}.Ad-Hoc|Mixed Platforms.Build.0 = Release|Any CPU
		{FBECFA0F-7B72-48C8-854C-3C1E42CA4238}.Ad-Hoc|x86.ActiveCfg = Release|Any CPU
		{FBECFA0F-7B72-48C8-854C-3C1E42CA4238}.Ad-Hoc|x86.Build.0 = Release|Any CPU
		{FBECFA0F-7B72-48C8-854C-3C1E42CA4238}.AppStore|Any CPU.ActiveCfg = Release|Any CPU
		{FBECFA0F-7B72-48C8-854C-3C1E42CA4238}.AppStore|Any CPU.Build.0 = Release|Any CPU
		{FBECFA0F-7B72-48C8-854C-3C1E42CA4238}.AppStore|ARM.ActiveCfg = Release|Any CPU
		{FBECFA0F-7B72-48C8-854C-3C1E42CA4238}.AppStore|ARM.Build.0 = Release|Any CPU
		{FBECFA0F-7B72-48C8-854C-3C1E42CA4238}.AppStore|iPhone.ActiveCfg = Release|Any CPU
		{FBECFA0F-7B72-48C8-854C-3C1E42CA4238}.AppStore|iPhone.Build.0 = Release|Any CPU
		{FBECFA0F-7B72-48C8-854C-3C1E42CA4238}.AppStore|iPhoneSimulator.ActiveCfg = Release|Any CPU
		{FBECFA0F-7B72-48C8-854C-3C1E42CA4238}.AppStore|iPhoneSimulator.Build.0 = Release|Any CPU
		{FBECFA0F-7B72-48C8-854C-3C1E42CA4238}.AppStore|Mixed Platforms.ActiveCfg = Release|Any CPU
		{FBECFA0F-7B72-48C8-854C-3C1E42CA4238}.AppStore|Mixed Platforms.Build.0 = Release|Any CPU
		{FBECFA0F-7B72-48C8-854C-3C1E42CA4238}.AppStore|x86.ActiveCfg = Release|Any CPU
		{FBECFA0F-7B72-48C8-854C-3C1E42CA4238}.AppStore|x86.Build.0 = Release|Any CPU
		{FBECFA0F-7B72-48C8-854C-3C1E42CA4238}.Debug|Any CPU.ActiveCfg = Debug|Any CPU
		{FBECFA0F-7B72-48C8-854C-3C1E42CA4238}.Debug|Any CPU.Build.0 = Debug|Any CPU
		{FBECFA0F-7B72-48C8-854C-3C1E42CA4238}.Debug|ARM.ActiveCfg = Debug|Any CPU
		{FBECFA0F-7B72-48C8-854C-3C1E42CA4238}.Debug|ARM.Build.0 = Debug|Any CPU
		{FBECFA0F-7B72-48C8-854C-3C1E42CA4238}.Debug|iPhone.ActiveCfg = Debug|Any CPU
		{FBECFA0F-7B72-48C8-854C-3C1E42CA4238}.Debug|iPhone.Build.0 = Debug|Any CPU
		{FBECFA0F-7B72-48C8-854C-3C1E42CA4238}.Debug|iPhoneSimulator.ActiveCfg = Debug|Any CPU
		{FBECFA0F-7B72-48C8-854C-3C1E42CA4238}.Debug|iPhoneSimulator.Build.0 = Debug|Any CPU
		{FBECFA0F-7B72-48C8-854C-3C1E42CA4238}.Debug|Mixed Platforms.ActiveCfg = Debug|Any CPU
		{FBECFA0F-7B72-48C8-854C-3C1E42CA4238}.Debug|Mixed Platforms.Build.0 = Debug|Any CPU
		{FBECFA0F-7B72-48C8-854C-3C1E42CA4238}.Debug|x86.ActiveCfg = Debug|Any CPU
		{FBECFA0F-7B72-48C8-854C-3C1E42CA4238}.Debug|x86.Build.0 = Debug|Any CPU
		{FBECFA0F-7B72-48C8-854C-3C1E42CA4238}.Release|Any CPU.ActiveCfg = Release|Any CPU
		{FBECFA0F-7B72-48C8-854C-3C1E42CA4238}.Release|Any CPU.Build.0 = Release|Any CPU
		{FBECFA0F-7B72-48C8-854C-3C1E42CA4238}.Release|ARM.ActiveCfg = Release|Any CPU
		{FBECFA0F-7B72-48C8-854C-3C1E42CA4238}.Release|ARM.Build.0 = Release|Any CPU
		{FBECFA0F-7B72-48C8-854C-3C1E42CA4238}.Release|iPhone.ActiveCfg = Release|Any CPU
		{FBECFA0F-7B72-48C8-854C-3C1E42CA4238}.Release|iPhone.Build.0 = Release|Any CPU
		{FBECFA0F-7B72-48C8-854C-3C1E42CA4238}.Release|iPhoneSimulator.ActiveCfg = Release|Any CPU
		{FBECFA0F-7B72-48C8-854C-3C1E42CA4238}.Release|iPhoneSimulator.Build.0 = Release|Any CPU
		{FBECFA0F-7B72-48C8-854C-3C1E42CA4238}.Release|Mixed Platforms.ActiveCfg = Release|Any CPU
		{FBECFA0F-7B72-48C8-854C-3C1E42CA4238}.Release|Mixed Platforms.Build.0 = Release|Any CPU
		{FBECFA0F-7B72-48C8-854C-3C1E42CA4238}.Release|x86.ActiveCfg = Release|Any CPU
		{FBECFA0F-7B72-48C8-854C-3C1E42CA4238}.Release|x86.Build.0 = Release|Any CPU
	EndGlobalSection
	GlobalSection(SolutionProperties) = preSolution
		HideSolutionNode = FALSE
	EndGlobalSection
EndGlobal
