
Microsoft Visual Studio Solution File, Format Version 12.00
# Visual Studio 14
VisualStudioVersion = 14.0.23107.0
MinimumVisualStudioVersion = 10.0.40219.1
Project("{FAE04EC0-301F-11D3-BF4B-00C04F79EFBC}") = "Console", "Console\Console.csproj", "{131B387B-3405-4577-AD3F-37CD7029F69D}"
EndProject
Project("{FAE04EC0-301F-11D3-BF4B-00C04F79EFBC}") = "WPF DataGrid", "WPF DataGrid\WPF DataGrid.csproj", "{E84511EF-1402-4942-97E8-D0C5295EAD18}"
EndProject
Project("{FAE04EC0-301F-11D3-BF4B-00C04F79EFBC}") = "WPF", "WPF\WPF.csproj", "{E3D2501F-4BF6-481E-9825-10E7ECFAFD25}"
EndProject
Project("{FAE04EC0-301F-11D3-BF4B-00C04F79EFBC}") = "PrivatBank", "PrivatBank\PrivatBank.csproj", "{E43EA81D-7C14-4BAC-ABF1-1AB48922CE86}"
EndProject
Global
	GlobalSection(SolutionConfigurationPlatforms) = preSolution
		Ad-Hoc|Any CPU = Ad-Hoc|Any CPU
		Ad-Hoc|ARM = Ad-Hoc|ARM
		Ad-Hoc|iPhone = Ad-Hoc|iPhone
		Ad-Hoc|iPhoneSimulator = Ad-Hoc|iPhoneSimulator
		Ad-Hoc|Mixed Platforms = Ad-Hoc|Mixed Platforms
		Ad-Hoc|x86 = Ad-Hoc|x86
		AppStore|Any CPU = AppStore|Any CPU
		AppStore|ARM = AppStore|ARM
		AppStore|iPhone = AppStore|iPhone
		AppStore|iPhoneSimulator = AppStore|iPhoneSimulator
		AppStore|Mixed Platforms = AppStore|Mixed Platforms
		AppStore|x86 = AppStore|x86
		Debug|Any CPU = Debug|Any CPU
		Debug|ARM = Debug|ARM
		Debug|iPhone = Debug|iPhone
		Debug|iPhoneSimulator = Debug|iPhoneSimulator
		Debug|Mixed Platforms = Debug|Mixed Platforms
		Debug|x86 = Debug|x86
		Release|Any CPU = Release|Any CPU
		Release|ARM = Release|ARM
		Release|iPhone = Release|iPhone
		Release|iPhoneSimulator = Release|iPhoneSimulator
		Release|Mixed Platforms = Release|Mixed Platforms
		Release|x86 = Release|x86
	EndGlobalSection
	GlobalSection(ProjectConfigurationPlatforms) = postSolution
		{131B387B-3405-4577-AD3F-37CD7029F69D}.Ad-Hoc|Any CPU.ActiveCfg = Release|Any CPU
		{131B387B-3405-4577-AD3F-37CD7029F69D}.Ad-Hoc|Any CPU.Build.0 = Release|Any CPU
		{131B387B-3405-4577-AD3F-37CD7029F69D}.Ad-Hoc|ARM.ActiveCfg = Release|Any CPU
		{131B387B-3405-4577-AD3F-37CD7029F69D}.Ad-Hoc|iPhone.ActiveCfg = Release|Any CPU
		{131B387B-3405-4577-AD3F-37CD7029F69D}.Ad-Hoc|iPhoneSimulator.ActiveCfg = Release|Any CPU
		{131B387B-3405-4577-AD3F-37CD7029F69D}.Ad-Hoc|Mixed Platforms.ActiveCfg = Release|Any CPU
		{131B387B-3405-4577-AD3F-37CD7029F69D}.Ad-Hoc|Mixed Platforms.Build.0 = Release|Any CPU
		{131B387B-3405-4577-AD3F-37CD7029F69D}.Ad-Hoc|x86.ActiveCfg = Release|Any CPU
		{131B387B-3405-4577-AD3F-37CD7029F69D}.AppStore|Any CPU.ActiveCfg = Release|Any CPU
		{131B387B-3405-4577-AD3F-37CD7029F69D}.AppStore|Any CPU.Build.0 = Release|Any CPU
		{131B387B-3405-4577-AD3F-37CD7029F69D}.AppStore|ARM.ActiveCfg = Release|Any CPU
		{131B387B-3405-4577-AD3F-37CD7029F69D}.AppStore|iPhone.ActiveCfg = Release|Any CPU
		{131B387B-3405-4577-AD3F-37CD7029F69D}.AppStore|iPhoneSimulator.ActiveCfg = Release|Any CPU
		{131B387B-3405-4577-AD3F-37CD7029F69D}.AppStore|Mixed Platforms.ActiveCfg = Release|Any CPU
		{131B387B-3405-4577-AD3F-37CD7029F69D}.AppStore|Mixed Platforms.Build.0 = Release|Any CPU
		{131B387B-3405-4577-AD3F-37CD7029F69D}.AppStore|x86.ActiveCfg = Release|Any CPU
		{131B387B-3405-4577-AD3F-37CD7029F69D}.Debug|Any CPU.ActiveCfg = Debug|Any CPU
		{131B387B-3405-4577-AD3F-37CD7029F69D}.Debug|Any CPU.Build.0 = Debug|Any CPU
		{131B387B-3405-4577-AD3F-37CD7029F69D}.Debug|ARM.ActiveCfg = Debug|Any CPU
		{131B387B-3405-4577-AD3F-37CD7029F69D}.Debug|iPhone.ActiveCfg = Debug|Any CPU
		{131B387B-3405-4577-AD3F-37CD7029F69D}.Debug|iPhoneSimulator.ActiveCfg = Debug|Any CPU
		{131B387B-3405-4577-AD3F-37CD7029F69D}.Debug|Mixed Platforms.ActiveCfg = Debug|Any CPU
		{131B387B-3405-4577-AD3F-37CD7029F69D}.Debug|Mixed Platforms.Build.0 = Debug|Any CPU
		{131B387B-3405-4577-AD3F-37CD7029F69D}.Debug|x86.ActiveCfg = Debug|Any CPU
		{131B387B-3405-4577-AD3F-37CD7029F69D}.Release|Any CPU.ActiveCfg = Release|Any CPU
		{131B387B-3405-4577-AD3F-37CD7029F69D}.Release|Any CPU.Build.0 = Release|Any CPU
		{131B387B-3405-4577-AD3F-37CD7029F69D}.Release|ARM.ActiveCfg = Release|Any CPU
		{131B387B-3405-4577-AD3F-37CD7029F69D}.Release|iPhone.ActiveCfg = Release|Any CPU
		{131B387B-3405-4577-AD3F-37CD7029F69D}.Release|iPhoneSimulator.ActiveCfg = Release|Any CPU
		{131B387B-3405-4577-AD3F-37CD7029F69D}.Release|Mixed Platforms.ActiveCfg = Release|Any CPU
		{131B387B-3405-4577-AD3F-37CD7029F69D}.Release|Mixed Platforms.Build.0 = Release|Any CPU
		{131B387B-3405-4577-AD3F-37CD7029F69D}.Release|x86.ActiveCfg = Release|Any CPU
		{E84511EF-1402-4942-97E8-D0C5295EAD18}.Ad-Hoc|Any CPU.ActiveCfg = Release|Any CPU
		{E84511EF-1402-4942-97E8-D0C5295EAD18}.Ad-Hoc|Any CPU.Build.0 = Release|Any CPU
		{E84511EF-1402-4942-97E8-D0C5295EAD18}.Ad-Hoc|ARM.ActiveCfg = Release|Any CPU
		{E84511EF-1402-4942-97E8-D0C5295EAD18}.Ad-Hoc|ARM.Build.0 = Release|Any CPU
		{E84511EF-1402-4942-97E8-D0C5295EAD18}.Ad-Hoc|iPhone.ActiveCfg = Release|Any CPU
		{E84511EF-1402-4942-97E8-D0C5295EAD18}.Ad-Hoc|iPhone.Build.0 = Release|Any CPU
		{E84511EF-1402-4942-97E8-D0C5295EAD18}.Ad-Hoc|iPhoneSimulator.ActiveCfg = Release|Any CPU
		{E84511EF-1402-4942-97E8-D0C5295EAD18}.Ad-Hoc|iPhoneSimulator.Build.0 = Release|Any CPU
		{E84511EF-1402-4942-97E8-D0C5295EAD18}.Ad-Hoc|Mixed Platforms.ActiveCfg = Release|Any CPU
		{E84511EF-1402-4942-97E8-D0C5295EAD18}.Ad-Hoc|Mixed Platforms.Build.0 = Release|Any CPU
		{E84511EF-1402-4942-97E8-D0C5295EAD18}.Ad-Hoc|x86.ActiveCfg = Release|Any CPU
		{E84511EF-1402-4942-97E8-D0C5295EAD18}.Ad-Hoc|x86.Build.0 = Release|Any CPU
		{E84511EF-1402-4942-97E8-D0C5295EAD18}.AppStore|Any CPU.ActiveCfg = Release|Any CPU
		{E84511EF-1402-4942-97E8-D0C5295EAD18}.AppStore|Any CPU.Build.0 = Release|Any CPU
		{E84511EF-1402-4942-97E8-D0C5295EAD18}.AppStore|ARM.ActiveCfg = Release|Any CPU
		{E84511EF-1402-4942-97E8-D0C5295EAD18}.AppStore|ARM.Build.0 = Release|Any CPU
		{E84511EF-1402-4942-97E8-D0C5295EAD18}.AppStore|iPhone.ActiveCfg = Release|Any CPU
		{E84511EF-1402-4942-97E8-D0C5295EAD18}.AppStore|iPhone.Build.0 = Release|Any CPU
		{E84511EF-1402-4942-97E8-D0C5295EAD18}.AppStore|iPhoneSimulator.ActiveCfg = Release|Any CPU
		{E84511EF-1402-4942-97E8-D0C5295EAD18}.AppStore|iPhoneSimulator.Build.0 = Release|Any CPU
		{E84511EF-1402-4942-97E8-D0C5295EAD18}.AppStore|Mixed Platforms.ActiveCfg = Release|Any CPU
		{E84511EF-1402-4942-97E8-D0C5295EAD18}.AppStore|Mixed Platforms.Build.0 = Release|Any CPU
		{E84511EF-1402-4942-97E8-D0C5295EAD18}.AppStore|x86.ActiveCfg = Release|Any CPU
		{E84511EF-1402-4942-97E8-D0C5295EAD18}.AppStore|x86.Build.0 = Release|Any CPU
		{E84511EF-1402-4942-97E8-D0C5295EAD18}.Debug|Any CPU.ActiveCfg = Debug|Any CPU
		{E84511EF-1402-4942-97E8-D0C5295EAD18}.Debug|Any CPU.Build.0 = Debug|Any CPU
		{E84511EF-1402-4942-97E8-D0C5295EAD18}.Debug|ARM.ActiveCfg = Debug|Any CPU
		{E84511EF-1402-4942-97E8-D0C5295EAD18}.Debug|ARM.Build.0 = Debug|Any CPU
		{E84511EF-1402-4942-97E8-D0C5295EAD18}.Debug|iPhone.ActiveCfg = Debug|Any CPU
		{E84511EF-1402-4942-97E8-D0C5295EAD18}.Debug|iPhone.Build.0 = Debug|Any CPU
		{E84511EF-1402-4942-97E8-D0C5295EAD18}.Debug|iPhoneSimulator.ActiveCfg = Debug|Any CPU
		{E84511EF-1402-4942-97E8-D0C5295EAD18}.Debug|iPhoneSimulator.Build.0 = Debug|Any CPU
		{E84511EF-1402-4942-97E8-D0C5295EAD18}.Debug|Mixed Platforms.ActiveCfg = Debug|Any CPU
		{E84511EF-1402-4942-97E8-D0C5295EAD18}.Debug|Mixed Platforms.Build.0 = Debug|Any CPU
		{E84511EF-1402-4942-97E8-D0C5295EAD18}.Debug|x86.ActiveCfg = Debug|Any CPU
		{E84511EF-1402-4942-97E8-D0C5295EAD18}.Debug|x86.Build.0 = Debug|Any CPU
		{E84511EF-1402-4942-97E8-D0C5295EAD18}.Release|Any CPU.ActiveCfg = Release|Any CPU
		{E84511EF-1402-4942-97E8-D0C5295EAD18}.Release|Any CPU.Build.0 = Release|Any CPU
		{E84511EF-1402-4942-97E8-D0C5295EAD18}.Release|ARM.ActiveCfg = Release|Any CPU
		{E84511EF-1402-4942-97E8-D0C5295EAD18}.Release|ARM.Build.0 = Release|Any CPU
		{E84511EF-1402-4942-97E8-D0C5295EAD18}.Release|iPhone.ActiveCfg = Release|Any CPU
		{E84511EF-1402-4942-97E8-D0C5295EAD18}.Release|iPhone.Build.0 = Release|Any CPU
		{E84511EF-1402-4942-97E8-D0C5295EAD18}.Release|iPhoneSimulator.ActiveCfg = Release|Any CPU
		{E84511EF-1402-4942-97E8-D0C5295EAD18}.Release|iPhoneSimulator.Build.0 = Release|Any CPU
		{E84511EF-1402-4942-97E8-D0C5295EAD18}.Release|Mixed Platforms.ActiveCfg = Release|Any CPU
		{E84511EF-1402-4942-97E8-D0C5295EAD18}.Release|Mixed Platforms.Build.0 = Release|Any CPU
		{E84511EF-1402-4942-97E8-D0C5295EAD18}.Release|x86.ActiveCfg = Release|Any CPU
		{E84511EF-1402-4942-97E8-D0C5295EAD18}.Release|x86.Build.0 = Release|Any CPU
		{E3D2501F-4BF6-481E-9825-10E7ECFAFD25}.Ad-Hoc|Any CPU.ActiveCfg = Release|Any CPU
		{E3D2501F-4BF6-481E-9825-10E7ECFAFD25}.Ad-Hoc|Any CPU.Build.0 = Release|Any CPU
		{E3D2501F-4BF6-481E-9825-10E7ECFAFD25}.Ad-Hoc|ARM.ActiveCfg = Release|Any CPU
		{E3D2501F-4BF6-481E-9825-10E7ECFAFD25}.Ad-Hoc|ARM.Build.0 = Release|Any CPU
		{E3D2501F-4BF6-481E-9825-10E7ECFAFD25}.Ad-Hoc|iPhone.ActiveCfg = Release|Any CPU
		{E3D2501F-4BF6-481E-9825-10E7ECFAFD25}.Ad-Hoc|iPhone.Build.0 = Release|Any CPU
		{E3D2501F-4BF6-481E-9825-10E7ECFAFD25}.Ad-Hoc|iPhoneSimulator.ActiveCfg = Release|Any CPU
		{E3D2501F-4BF6-481E-9825-10E7ECFAFD25}.Ad-Hoc|iPhoneSimulator.Build.0 = Release|Any CPU
		{E3D2501F-4BF6-481E-9825-10E7ECFAFD25}.Ad-Hoc|Mixed Platforms.ActiveCfg = Release|Any CPU
		{E3D2501F-4BF6-481E-9825-10E7ECFAFD25}.Ad-Hoc|Mixed Platforms.Build.0 = Release|Any CPU
		{E3D2501F-4BF6-481E-9825-10E7ECFAFD25}.Ad-Hoc|x86.ActiveCfg = Release|Any CPU
		{E3D2501F-4BF6-481E-9825-10E7ECFAFD25}.Ad-Hoc|x86.Build.0 = Release|Any CPU
		{E3D2501F-4BF6-481E-9825-10E7ECFAFD25}.AppStore|Any CPU.ActiveCfg = Release|Any CPU
		{E3D2501F-4BF6-481E-9825-10E7ECFAFD25}.AppStore|Any CPU.Build.0 = Release|Any CPU
		{E3D2501F-4BF6-481E-9825-10E7ECFAFD25}.AppStore|ARM.ActiveCfg = Release|Any CPU
		{E3D2501F-4BF6-481E-9825-10E7ECFAFD25}.AppStore|ARM.Build.0 = Release|Any CPU
		{E3D2501F-4BF6-481E-9825-10E7ECFAFD25}.AppStore|iPhone.ActiveCfg = Release|Any CPU
		{E3D2501F-4BF6-481E-9825-10E7ECFAFD25}.AppStore|iPhone.Build.0 = Release|Any CPU
		{E3D2501F-4BF6-481E-9825-10E7ECFAFD25}.AppStore|iPhoneSimulator.ActiveCfg = Release|Any CPU
		{E3D2501F-4BF6-481E-9825-10E7ECFAFD25}.AppStore|iPhoneSimulator.Build.0 = Release|Any CPU
		{E3D2501F-4BF6-481E-9825-10E7ECFAFD25}.AppStore|Mixed Platforms.ActiveCfg = Release|Any CPU
		{E3D2501F-4BF6-481E-9825-10E7ECFAFD25}.AppStore|Mixed Platforms.Build.0 = Release|Any CPU
		{E3D2501F-4BF6-481E-9825-10E7ECFAFD25}.AppStore|x86.ActiveCfg = Release|Any CPU
		{E3D2501F-4BF6-481E-9825-10E7ECFAFD25}.AppStore|x86.Build.0 = Release|Any CPU
		{E3D2501F-4BF6-481E-9825-10E7ECFAFD25}.Debug|Any CPU.ActiveCfg = Debug|Any CPU
		{E3D2501F-4BF6-481E-9825-10E7ECFAFD25}.Debug|Any CPU.Build.0 = Debug|Any CPU
		{E3D2501F-4BF6-481E-9825-10E7ECFAFD25}.Debug|ARM.ActiveCfg = Debug|Any CPU
		{E3D2501F-4BF6-481E-9825-10E7ECFAFD25}.Debug|ARM.Build.0 = Debug|Any CPU
		{E3D2501F-4BF6-481E-9825-10E7ECFAFD25}.Debug|iPhone.ActiveCfg = Debug|Any CPU
		{E3D2501F-4BF6-481E-9825-10E7ECFAFD25}.Debug|iPhone.Build.0 = Debug|Any CPU
		{E3D2501F-4BF6-481E-9825-10E7ECFAFD25}.Debug|iPhoneSimulator.ActiveCfg = Debug|Any CPU
		{E3D2501F-4BF6-481E-9825-10E7ECFAFD25}.Debug|iPhoneSimulator.Build.0 = Debug|Any CPU
		{E3D2501F-4BF6-481E-9825-10E7ECFAFD25}.Debug|Mixed Platforms.ActiveCfg = Debug|Any CPU
		{E3D2501F-4BF6-481E-9825-10E7ECFAFD25}.Debug|Mixed Platforms.Build.0 = Debug|Any CPU
		{E3D2501F-4BF6-481E-9825-10E7ECFAFD25}.Debug|x86.ActiveCfg = Debug|Any CPU
		{E3D2501F-4BF6-481E-9825-10E7ECFAFD25}.Debug|x86.Build.0 = Debug|Any CPU
		{E3D2501F-4BF6-481E-9825-10E7ECFAFD25}.Release|Any CPU.ActiveCfg = Release|Any CPU
		{E3D2501F-4BF6-481E-9825-10E7ECFAFD25}.Release|Any CPU.Build.0 = Release|Any CPU
		{E3D2501F-4BF6-481E-9825-10E7ECFAFD25}.Release|ARM.ActiveCfg = Release|Any CPU
		{E3D2501F-4BF6-481E-9825-10E7ECFAFD25}.Release|ARM.Build.0 = Release|Any CPU
		{E3D2501F-4BF6-481E-9825-10E7ECFAFD25}.Release|iPhone.ActiveCfg = Release|Any CPU
		{E3D2501F-4BF6-481E-9825-10E7ECFAFD25}.Release|iPhone.Build.0 = Release|Any CPU
		{E3D2501F-4BF6-481E-9825-10E7ECFAFD25}.Release|iPhoneSimulator.ActiveCfg = Release|Any CPU
		{E3D2501F-4BF6-481E-9825-10E7ECFAFD25}.Release|iPhoneSimulator.Build.0 = Release|Any CPU
		{E3D2501F-4BF6-481E-9825-10E7ECFAFD25}.Release|Mixed Platforms.ActiveCfg = Release|Any CPU
		{E3D2501F-4BF6-481E-9825-10E7ECFAFD25}.Release|Mixed Platforms.Build.0 = Release|Any CPU
		{E3D2501F-4BF6-481E-9825-10E7ECFAFD25}.Release|x86.ActiveCfg = Release|Any CPU
		{E3D2501F-4BF6-481E-9825-10E7ECFAFD25}.Release|x86.Build.0 = Release|Any CPU
		{E43EA81D-7C14-4BAC-ABF1-1AB48922CE86}.Ad-Hoc|Any CPU.ActiveCfg = Release|Any CPU
		{E43EA81D-7C14-4BAC-ABF1-1AB48922CE86}.Ad-Hoc|Any CPU.Build.0 = Release|Any CPU
		{E43EA81D-7C14-4BAC-ABF1-1AB48922CE86}.Ad-Hoc|ARM.ActiveCfg = Release|Any CPU
		{E43EA81D-7C14-4BAC-ABF1-1AB48922CE86}.Ad-Hoc|ARM.Build.0 = Release|Any CPU
		{E43EA81D-7C14-4BAC-ABF1-1AB48922CE86}.Ad-Hoc|iPhone.ActiveCfg = Release|Any CPU
		{E43EA81D-7C14-4BAC-ABF1-1AB48922CE86}.Ad-Hoc|iPhone.Build.0 = Release|Any CPU
		{E43EA81D-7C14-4BAC-ABF1-1AB48922CE86}.Ad-Hoc|iPhoneSimulator.ActiveCfg = Release|Any CPU
		{E43EA81D-7C14-4BAC-ABF1-1AB48922CE86}.Ad-Hoc|iPhoneSimulator.Build.0 = Release|Any CPU
		{E43EA81D-7C14-4BAC-ABF1-1AB48922CE86}.Ad-Hoc|Mixed Platforms.ActiveCfg = Release|Any CPU
		{E43EA81D-7C14-4BAC-ABF1-1AB48922CE86}.Ad-Hoc|Mixed Platforms.Build.0 = Release|Any CPU
		{E43EA81D-7C14-4BAC-ABF1-1AB48922CE86}.Ad-Hoc|x86.ActiveCfg = Release|Any CPU
		{E43EA81D-7C14-4BAC-ABF1-1AB48922CE86}.Ad-Hoc|x86.Build.0 = Release|Any CPU
		{E43EA81D-7C14-4BAC-ABF1-1AB48922CE86}.AppStore|Any CPU.ActiveCfg = Release|Any CPU
		{E43EA81D-7C14-4BAC-ABF1-1AB48922CE86}.AppStore|Any CPU.Build.0 = Release|Any CPU
		{E43EA81D-7C14-4BAC-ABF1-1AB48922CE86}.AppStore|ARM.ActiveCfg = Release|Any CPU
		{E43EA81D-7C14-4BAC-ABF1-1AB48922CE86}.AppStore|ARM.Build.0 = Release|Any CPU
		{E43EA81D-7C14-4BAC-ABF1-1AB48922CE86}.AppStore|iPhone.ActiveCfg = Release|Any CPU
		{E43EA81D-7C14-4BAC-ABF1-1AB48922CE86}.AppStore|iPhone.Build.0 = Release|Any CPU
		{E43EA81D-7C14-4BAC-ABF1-1AB48922CE86}.AppStore|iPhoneSimulator.ActiveCfg = Release|Any CPU
		{E43EA81D-7C14-4BAC-ABF1-1AB48922CE86}.AppStore|iPhoneSimulator.Build.0 = Release|Any CPU
		{E43EA81D-7C14-4BAC-ABF1-1AB48922CE86}.AppStore|Mixed Platforms.ActiveCfg = Release|Any CPU
		{E43EA81D-7C14-4BAC-ABF1-1AB48922CE86}.AppStore|Mixed Platforms.Build.0 = Release|Any CPU
		{E43EA81D-7C14-4BAC-ABF1-1AB48922CE86}.AppStore|x86.ActiveCfg = Release|Any CPU
		{E43EA81D-7C14-4BAC-ABF1-1AB48922CE86}.AppStore|x86.Build.0 = Release|Any CPU
		{E43EA81D-7C14-4BAC-ABF1-1AB48922CE86}.Debug|Any CPU.ActiveCfg = Debug|Any CPU
		{E43EA81D-7C14-4BAC-ABF1-1AB48922CE86}.Debug|Any CPU.Build.0 = Debug|Any CPU
		{E43EA81D-7C14-4BAC-ABF1-1AB48922CE86}.Debug|ARM.ActiveCfg = Debug|Any CPU
		{E43EA81D-7C14-4BAC-ABF1-1AB48922CE86}.Debug|ARM.Build.0 = Debug|Any CPU
		{E43EA81D-7C14-4BAC-ABF1-1AB48922CE86}.Debug|iPhone.ActiveCfg = Debug|Any CPU
		{E43EA81D-7C14-4BAC-ABF1-1AB48922CE86}.Debug|iPhone.Build.0 = Debug|Any CPU
		{E43EA81D-7C14-4BAC-ABF1-1AB48922CE86}.Debug|iPhoneSimulator.ActiveCfg = Debug|Any CPU
		{E43EA81D-7C14-4BAC-ABF1-1AB48922CE86}.Debug|iPhoneSimulator.Build.0 = Debug|Any CPU
		{E43EA81D-7C14-4BAC-ABF1-1AB48922CE86}.Debug|Mixed Platforms.ActiveCfg = Debug|Any CPU
		{E43EA81D-7C14-4BAC-ABF1-1AB48922CE86}.Debug|Mixed Platforms.Build.0 = Debug|Any CPU
		{E43EA81D-7C14-4BAC-ABF1-1AB48922CE86}.Debug|x86.ActiveCfg = Debug|Any CPU
		{E43EA81D-7C14-4BAC-ABF1-1AB48922CE86}.Debug|x86.Build.0 = Debug|Any CPU
		{E43EA81D-7C14-4BAC-ABF1-1AB48922CE86}.Release|Any CPU.ActiveCfg = Release|Any CPU
		{E43EA81D-7C14-4BAC-ABF1-1AB48922CE86}.Release|Any CPU.Build.0 = Release|Any CPU
		{E43EA81D-7C14-4BAC-ABF1-1AB48922CE86}.Release|ARM.ActiveCfg = Release|Any CPU
		{E43EA81D-7C14-4BAC-ABF1-1AB48922CE86}.Release|ARM.Build.0 = Release|Any CPU
		{E43EA81D-7C14-4BAC-ABF1-1AB48922CE86}.Release|iPhone.ActiveCfg = Release|Any CPU
		{E43EA81D-7C14-4BAC-ABF1-1AB48922CE86}.Release|iPhone.Build.0 = Release|Any CPU
		{E43EA81D-7C14-4BAC-ABF1-1AB48922CE86}.Release|iPhoneSimulator.ActiveCfg = Release|Any CPU
		{E43EA81D-7C14-4BAC-ABF1-1AB48922CE86}.Release|iPhoneSimulator.Build.0 = Release|Any CPU
		{E43EA81D-7C14-4BAC-ABF1-1AB48922CE86}.Release|Mixed Platforms.ActiveCfg = Release|Any CPU
		{E43EA81D-7C14-4BAC-ABF1-1AB48922CE86}.Release|Mixed Platforms.Build.0 = Release|Any CPU
		{E43EA81D-7C14-4BAC-ABF1-1AB48922CE86}.Release|x86.ActiveCfg = Release|Any CPU
		{E43EA81D-7C14-4BAC-ABF1-1AB48922CE86}.Release|x86.Build.0 = Release|Any CPU
	EndGlobalSection
	GlobalSection(SolutionProperties) = preSolution
		HideSolutionNode = FALSE
	EndGlobalSection
EndGlobal
